
Microsoft Visual Studio Solution File, Format Version 12.00
# Visual Studio 15
VisualStudioVersion = 15.0.27004.2009
MinimumVisualStudioVersion = 10.0.40219.1
Project("{FAE04EC0-301F-11D3-BF4B-00C04F79EFBC}") = "SampleApp.Web", "SampleApp.Web\SampleApp.Web.csproj", "{44DCF3CA-3E39-4D0A-87F1-A3C35E4E3085}"
EndProject
Project("{FAE04EC0-301F-11D3-BF4B-00C04F79EFBC}") = "SampleApp.Messaging", "SampleApp.Messaging\SampleApp.Messaging.csproj", "{819AC062-2F3A-4E9E-BD00-92AB9ED90C94}"
EndProject
Project("{FAE04EC0-301F-11D3-BF4B-00C04F79EFBC}") = "SampleApp.NotificationService", "SampleApp.NotificationService\SampleApp.NotificationService.csproj", "{ABBA1BFC-4231-4510-9E5A-541DBEE124E6}"
EndProject
Project("{FAE04EC0-301F-11D3-BF4B-00C04F79EFBC}") = "SampleApp.RegistrationService", "SampleApp.RegistrationService\SampleApp.RegistrationService.csproj", "{D81CE8F8-69AF-433D-96CF-1C24792EAF08}"
EndProject
Global
	GlobalSection(SolutionConfigurationPlatforms) = preSolution
		Debug|Any CPU = Debug|Any CPU
		Release|Any CPU = Release|Any CPU
	EndGlobalSection
	GlobalSection(ProjectConfigurationPlatforms) = postSolution
		{44DCF3CA-3E39-4D0A-87F1-A3C35E4E3085}.Debug|Any CPU.ActiveCfg = Debug|Any CPU
		{44DCF3CA-3E39-4D0A-87F1-A3C35E4E3085}.Debug|Any CPU.Build.0 = Debug|Any CPU
		{44DCF3CA-3E39-4D0A-87F1-A3C35E4E3085}.Release|Any CPU.ActiveCfg = Release|Any CPU
		{44DCF3CA-3E39-4D0A-87F1-A3C35E4E3085}.Release|Any CPU.Build.0 = Release|Any CPU
		{819AC062-2F3A-4E9E-BD00-92AB9ED90C94}.Debug|Any CPU.ActiveCfg = Debug|Any CPU
		{819AC062-2F3A-4E9E-BD00-92AB9ED90C94}.Debug|Any CPU.Build.0 = Debug|Any CPU
		{819AC062-2F3A-4E9E-BD00-92AB9ED90C94}.Release|Any CPU.ActiveCfg = Release|Any CPU
		{819AC062-2F3A-4E9E-BD00-92AB9ED90C94}.Release|Any CPU.Build.0 = Release|Any CPU
		{ABBA1BFC-4231-4510-9E5A-541DBEE124E6}.Debug|Any CPU.ActiveCfg = Debug|Any CPU
		{ABBA1BFC-4231-4510-9E5A-541DBEE124E6}.Debug|Any CPU.Build.0 = Debug|Any CPU
		{ABBA1BFC-4231-4510-9E5A-541DBEE124E6}.Release|Any CPU.ActiveCfg = Release|Any CPU
		{ABBA1BFC-4231-4510-9E5A-541DBEE124E6}.Release|Any CPU.Build.0 = Release|Any CPU
		{D81CE8F8-69AF-433D-96CF-1C24792EAF08}.Debug|Any CPU.ActiveCfg = Debug|Any CPU
		{D81CE8F8-69AF-433D-96CF-1C24792EAF08}.Debug|Any CPU.Build.0 = Debug|Any CPU
		{D81CE8F8-69AF-433D-96CF-1C24792EAF08}.Release|Any CPU.ActiveCfg = Release|Any CPU
		{D81CE8F8-69AF-433D-96CF-1C24792EAF08}.Release|Any CPU.Build.0 = Release|Any CPU
	EndGlobalSection
	GlobalSection(SolutionProperties) = preSolution
		HideSolutionNode = FALSE
	EndGlobalSection
	GlobalSection(ExtensibilityGlobals) = postSolution
		SolutionGuid = {33BABB40-BD2D-4A11-9908-8326EA4172A8}
	EndGlobalSection
EndGlobal
